
Microsoft Visual Studio Solution File, Format Version 12.00
# Visual Studio Version 17
VisualStudioVersion = 17.1.32328.378
MinimumVisualStudioVersion = 10.0.40219.1
Project("{8BC9CEB8-8B4A-11D0-8D11-00A0C91BC942}") = "Scripter", "Scripter\Scripter.vcxproj", "{947E18EF-E2A8-429A-8E31-2BCC5FD4ED8D}"
EndProject
Project("{FAE04EC0-301F-11D3-BF4B-00C04F79EFBC}") = "CSharpExample", "CSharpExample\CSharpExample.csproj", "{97E7B2A9-0307-48EA-B2A9-659551AC9780}"
EndProject
Project("{8BC9CEB8-8B4A-11D0-8D11-00A0C91BC942}") = "CPPExample", "CPPExample\CPPExample.vcxproj", "{B6B6DDCE-4805-42C5-B2E3-52C8C8DE4D93}"
EndProject
Project("{8BC9CEB8-8B4A-11D0-8D11-00A0C91BC942}") = "ScriptBuilder", "ScriptBuilder\ScriptBuilder.vcxproj", "{22D5961A-C27A-4BB1-9C0A-7B8C12383AD9}"
EndProject
Project("{9092AA53-FB77-4645-B42D-1CCCA6BD08BD}") = "NodeJSExample", "NodeJSExample\NodeJSExample.njsproj", "{F26238C0-ABA4-43A4-A4C2-48D8EE470232}"
EndProject
Global
	GlobalSection(SolutionConfigurationPlatforms) = preSolution
		Debug|Any CPU = Debug|Any CPU
		Debug|x64 = Debug|x64
		Debug|x86 = Debug|x86
		Release|Any CPU = Release|Any CPU
		Release|x64 = Release|x64
		Release|x86 = Release|x86
	EndGlobalSection
	GlobalSection(ProjectConfigurationPlatforms) = postSolution
		{947E18EF-E2A8-429A-8E31-2BCC5FD4ED8D}.Debug|Any CPU.ActiveCfg = Debug|x64
		{947E18EF-E2A8-429A-8E31-2BCC5FD4ED8D}.Debug|Any CPU.Build.0 = Debug|x64
		{947E18EF-E2A8-429A-8E31-2BCC5FD4ED8D}.Debug|x64.ActiveCfg = Debug|x64
		{947E18EF-E2A8-429A-8E31-2BCC5FD4ED8D}.Debug|x64.Build.0 = Debug|x64
		{947E18EF-E2A8-429A-8E31-2BCC5FD4ED8D}.Debug|x86.ActiveCfg = Debug|x64
		{947E18EF-E2A8-429A-8E31-2BCC5FD4ED8D}.Debug|x86.Build.0 = Debug|x64
		{947E18EF-E2A8-429A-8E31-2BCC5FD4ED8D}.Release|Any CPU.ActiveCfg = Release|x64
		{947E18EF-E2A8-429A-8E31-2BCC5FD4ED8D}.Release|Any CPU.Build.0 = Release|x64
		{947E18EF-E2A8-429A-8E31-2BCC5FD4ED8D}.Release|x64.ActiveCfg = Release|x64
		{947E18EF-E2A8-429A-8E31-2BCC5FD4ED8D}.Release|x64.Build.0 = Release|x64
		{947E18EF-E2A8-429A-8E31-2BCC5FD4ED8D}.Release|x86.ActiveCfg = Release|x64
		{947E18EF-E2A8-429A-8E31-2BCC5FD4ED8D}.Release|x86.Build.0 = Release|x64
		{97E7B2A9-0307-48EA-B2A9-659551AC9780}.Debug|Any CPU.ActiveCfg = Debug|Any CPU
		{97E7B2A9-0307-48EA-B2A9-659551AC9780}.Debug|Any CPU.Build.0 = Debug|Any CPU
		{97E7B2A9-0307-48EA-B2A9-659551AC9780}.Debug|x64.ActiveCfg = Debug|Any CPU
		{97E7B2A9-0307-48EA-B2A9-659551AC9780}.Debug|x64.Build.0 = Debug|Any CPU
		{97E7B2A9-0307-48EA-B2A9-659551AC9780}.Debug|x86.ActiveCfg = Debug|Any CPU
		{97E7B2A9-0307-48EA-B2A9-659551AC9780}.Debug|x86.Build.0 = Debug|Any CPU
		{97E7B2A9-0307-48EA-B2A9-659551AC9780}.Release|Any CPU.ActiveCfg = Release|Any CPU
		{97E7B2A9-0307-48EA-B2A9-659551AC9780}.Release|Any CPU.Build.0 = Release|Any CPU
		{97E7B2A9-0307-48EA-B2A9-659551AC9780}.Release|x64.ActiveCfg = Release|Any CPU
		{97E7B2A9-0307-48EA-B2A9-659551AC9780}.Release|x64.Build.0 = Release|Any CPU
		{97E7B2A9-0307-48EA-B2A9-659551AC9780}.Release|x86.ActiveCfg = Release|Any CPU
		{97E7B2A9-0307-48EA-B2A9-659551AC9780}.Release|x86.Build.0 = Release|Any CPU
		{B6B6DDCE-4805-42C5-B2E3-52C8C8DE4D93}.Debug|Any CPU.ActiveCfg = Debug|x64
		{B6B6DDCE-4805-42C5-B2E3-52C8C8DE4D93}.Debug|Any CPU.Build.0 = Debug|x64
		{B6B6DDCE-4805-42C5-B2E3-52C8C8DE4D93}.Debug|x64.ActiveCfg = Debug|x64
		{B6B6DDCE-4805-42C5-B2E3-52C8C8DE4D93}.Debug|x64.Build.0 = Debug|x64
		{B6B6DDCE-4805-42C5-B2E3-52C8C8DE4D93}.Debug|x86.ActiveCfg = Debug|x64
		{B6B6DDCE-4805-42C5-B2E3-52C8C8DE4D93}.Debug|x86.Build.0 = Debug|x64
		{B6B6DDCE-4805-42C5-B2E3-52C8C8DE4D93}.Release|Any CPU.ActiveCfg = Release|x64
		{B6B6DDCE-4805-42C5-B2E3-52C8C8DE4D93}.Release|Any CPU.Build.0 = Release|x64
		{B6B6DDCE-4805-42C5-B2E3-52C8C8DE4D93}.Release|x64.ActiveCfg = Release|x64
		{B6B6DDCE-4805-42C5-B2E3-52C8C8DE4D93}.Release|x64.Build.0 = Release|x64
		{B6B6DDCE-4805-42C5-B2E3-52C8C8DE4D93}.Release|x86.ActiveCfg = Release|x64
		{B6B6DDCE-4805-42C5-B2E3-52C8C8DE4D93}.Release|x86.Build.0 = Release|x64
		{22D5961A-C27A-4BB1-9C0A-7B8C12383AD9}.Debug|Any CPU.ActiveCfg = Debug|x64
		{22D5961A-C27A-4BB1-9C0A-7B8C12383AD9}.Debug|Any CPU.Build.0 = Debug|x64
		{22D5961A-C27A-4BB1-9C0A-7B8C12383AD9}.Debug|x64.ActiveCfg = Debug|x64
		{22D5961A-C27A-4BB1-9C0A-7B8C12383AD9}.Debug|x64.Build.0 = Debug|x64
		{22D5961A-C27A-4BB1-9C0A-7B8C12383AD9}.Debug|x86.ActiveCfg = Debug|Win32
		{22D5961A-C27A-4BB1-9C0A-7B8C12383AD9}.Debug|x86.Build.0 = Debug|Win32
		{22D5961A-C27A-4BB1-9C0A-7B8C12383AD9}.Release|Any CPU.ActiveCfg = Release|x64
		{22D5961A-C27A-4BB1-9C0A-7B8C12383AD9}.Release|Any CPU.Build.0 = Release|x64
		{22D5961A-C27A-4BB1-9C0A-7B8C12383AD9}.Release|x64.ActiveCfg = Release|x64
		{22D5961A-C27A-4BB1-9C0A-7B8C12383AD9}.Release|x64.Build.0 = Release|x64
		{22D5961A-C27A-4BB1-9C0A-7B8C12383AD9}.Release|x86.ActiveCfg = Release|Win32
		{22D5961A-C27A-4BB1-9C0A-7B8C12383AD9}.Release|x86.Build.0 = Release|Win32
		{F26238C0-ABA4-43A4-A4C2-48D8EE470232}.Debug|Any CPU.ActiveCfg = Debug|Any CPU
		{F26238C0-ABA4-43A4-A4C2-48D8EE470232}.Debug|Any CPU.Build.0 = Debug|Any CPU
		{F26238C0-ABA4-43A4-A4C2-48D8EE470232}.Debug|x64.ActiveCfg = Debug|Any CPU
		{F26238C0-ABA4-43A4-A4C2-48D8EE470232}.Debug|x64.Build.0 = Debug|Any CPU
		{F26238C0-ABA4-43A4-A4C2-48D8EE470232}.Debug|x86.ActiveCfg = Debug|Any CPU
		{F26238C0-ABA4-43A4-A4C2-48D8EE470232}.Debug|x86.Build.0 = Debug|Any CPU
		{F26238C0-ABA4-43A4-A4C2-48D8EE470232}.Release|Any CPU.ActiveCfg = Release|Any CPU
		{F26238C0-ABA4-43A4-A4C2-48D8EE470232}.Release|Any CPU.Build.0 = Release|Any CPU
		{F26238C0-ABA4-43A4-A4C2-48D8EE470232}.Release|x64.ActiveCfg = Release|Any CPU
		{F26238C0-ABA4-43A4-A4C2-48D8EE470232}.Release|x64.Build.0 = Release|Any CPU
		{F26238C0-ABA4-43A4-A4C2-48D8EE470232}.Release|x86.ActiveCfg = Release|Any CPU
		{F26238C0-ABA4-43A4-A4C2-48D8EE470232}.Release|x86.Build.0 = Release|Any CPU
	EndGlobalSection
	GlobalSection(SolutionProperties) = preSolution
		HideSolutionNode = FALSE
	EndGlobalSection
	GlobalSection(ExtensibilityGlobals) = postSolution
		SolutionGuid = {7A0A086C-B445-40E0-A223-2BFE88EB736A}
	EndGlobalSection
EndGlobal
